// !$*UTF8*$!
{
	archiveVersion = 1;
	classes = {
	};
	objectVersion = 50;
	objects = {

/* Begin PBXBuildFile section */
		703977E725C4700C00F40006 /* AppDelegate.swift in Sources */ = {isa = PBXBuildFile; fileRef = 703977E625C4700C00F40006 /* AppDelegate.swift */; };
		703977E925C4700C00F40006 /* SceneDelegate.swift in Sources */ = {isa = PBXBuildFile; fileRef = 703977E825C4700C00F40006 /* SceneDelegate.swift */; };
		703977EB25C4700C00F40006 /* SettingViewController.swift in Sources */ = {isa = PBXBuildFile; fileRef = 703977EA25C4700C00F40006 /* SettingViewController.swift */; };
		703977EE25C4700C00F40006 /* Main.storyboard in Resources */ = {isa = PBXBuildFile; fileRef = 703977EC25C4700C00F40006 /* Main.storyboard */; };
		703977F025C4700F00F40006 /* Assets.xcassets in Resources */ = {isa = PBXBuildFile; fileRef = 703977EF25C4700F00F40006 /* Assets.xcassets */; };
		703977F325C4700F00F40006 /* LaunchScreen.storyboard in Resources */ = {isa = PBXBuildFile; fileRef = 703977F125C4700F00F40006 /* LaunchScreen.storyboard */; };
		705F3D8025D6AF1700376DD3 /* MainViewController.swift in Sources */ = {isa = PBXBuildFile; fileRef = 705F3D7F25D6AF1700376DD3 /* MainViewController.swift */; };
/* End PBXBuildFile section */

/* Begin PBXFileReference section */
		703977E325C4700C00F40006 /* Color Mixer.app */ = {isa = PBXFileReference; explicitFileType = wrapper.application; includeInIndex = 0; path = "Color Mixer.app"; sourceTree = BUILT_PRODUCTS_DIR; };
		703977E625C4700C00F40006 /* AppDelegate.swift */ = {isa = PBXFileReference; lastKnownFileType = sourcecode.swift; path = AppDelegate.swift; sourceTree = "<group>"; };
		703977E825C4700C00F40006 /* SceneDelegate.swift */ = {isa = PBXFileReference; lastKnownFileType = sourcecode.swift; path = SceneDelegate.swift; sourceTree = "<group>"; };
		703977EA25C4700C00F40006 /* SettingViewController.swift */ = {isa = PBXFileReference; lastKnownFileType = sourcecode.swift; path = SettingViewController.swift; sourceTree = "<group>"; };
		703977ED25C4700C00F40006 /* Base */ = {isa = PBXFileReference; lastKnownFileType = file.storyboard; name = Base; path = Base.lproj/Main.storyboard; sourceTree = "<group>"; };
		703977EF25C4700F00F40006 /* Assets.xcassets */ = {isa = PBXFileReference; lastKnownFileType = folder.assetcatalog; path = Assets.xcassets; sourceTree = "<group>"; };
		703977F225C4700F00F40006 /* Base */ = {isa = PBXFileReference; lastKnownFileType = file.storyboard; name = Base; path = Base.lproj/LaunchScreen.storyboard; sourceTree = "<group>"; };
		703977F425C4700F00F40006 /* Info.plist */ = {isa = PBXFileReference; lastKnownFileType = text.plist.xml; path = Info.plist; sourceTree = "<group>"; };
		705F3D7F25D6AF1700376DD3 /* MainViewController.swift */ = {isa = PBXFileReference; lastKnownFileType = sourcecode.swift; path = MainViewController.swift; sourceTree = "<group>"; };
/* End PBXFileReference section */

/* Begin PBXFrameworksBuildPhase section */
		703977E025C4700C00F40006 /* Frameworks */ = {
			isa = PBXFrameworksBuildPhase;
			buildActionMask = 2147483647;
			files = (
			);
			runOnlyForDeploymentPostprocessing = 0;
		};
/* End PBXFrameworksBuildPhase section */

/* Begin PBXGroup section */
		703977DA25C4700C00F40006 = {
			isa = PBXGroup;
			children = (
				703977E525C4700C00F40006 /* Color Mixer */,
				703977E425C4700C00F40006 /* Products */,
			);
			sourceTree = "<group>";
		};
		703977E425C4700C00F40006 /* Products */ = {
			isa = PBXGroup;
			children = (
				703977E325C4700C00F40006 /* Color Mixer.app */,
			);
			name = Products;
			sourceTree = "<group>";
		};
		703977E525C4700C00F40006 /* Color Mixer */ = {
			isa = PBXGroup;
			children = (
				703977E625C4700C00F40006 /* AppDelegate.swift */,
				703977E825C4700C00F40006 /* SceneDelegate.swift */,
				703977EA25C4700C00F40006 /* SettingViewController.swift */,
				703977EC25C4700C00F40006 /* Main.storyboard */,
				705F3D7F25D6AF1700376DD3 /* MainViewController.swift */,
				703977EF25C4700F00F40006 /* Assets.xcassets */,
				703977F125C4700F00F40006 /* LaunchScreen.storyboard */,
				703977F425C4700F00F40006 /* Info.plist */,
			);
			path = "Color Mixer";
			sourceTree = "<group>";
		};
/* End PBXGroup section */

/* Begin PBXNativeTarget section */
		703977E225C4700C00F40006 /* Color Mixer */ = {
			isa = PBXNativeTarget;
			buildConfigurationList = 703977F725C4700F00F40006 /* Build configuration list for PBXNativeTarget "Color Mixer" */;
			buildPhases = (
				703977DF25C4700C00F40006 /* Sources */,
				703977E025C4700C00F40006 /* Frameworks */,
				703977E125C4700C00F40006 /* Resources */,
			);
			buildRules = (
			);
			dependencies = (
			);
			name = "Color Mixer";
			productName = "Color Mixer";
			productReference = 703977E325C4700C00F40006 /* Color Mixer.app */;
			productType = "com.apple.product-type.application";
		};
/* End PBXNativeTarget section */

/* Begin PBXProject section */
		703977DB25C4700C00F40006 /* Project object */ = {
			isa = PBXProject;
			attributes = {
				LastSwiftUpdateCheck = 1220;
				LastUpgradeCheck = 1220;
				TargetAttributes = {
					703977E225C4700C00F40006 = {
						CreatedOnToolsVersion = 12.2;
					};
				};
			};
			buildConfigurationList = 703977DE25C4700C00F40006 /* Build configuration list for PBXProject "Color Mixer" */;
			compatibilityVersion = "Xcode 9.3";
			developmentRegion = en;
			hasScannedForEncodings = 0;
			knownRegions = (
				en,
				Base,
			);
			mainGroup = 703977DA25C4700C00F40006;
			productRefGroup = 703977E425C4700C00F40006 /* Products */;
			projectDirPath = "";
			projectRoot = "";
			targets = (
				703977E225C4700C00F40006 /* Color Mixer */,
			);
		};
/* End PBXProject section */

/* Begin PBXResourcesBuildPhase section */
		703977E125C4700C00F40006 /* Resources */ = {
			isa = PBXResourcesBuildPhase;
			buildActionMask = 2147483647;
			files = (
				703977F325C4700F00F40006 /* LaunchScreen.storyboard in Resources */,
				703977F025C4700F00F40006 /* Assets.xcassets in Resources */,
				703977EE25C4700C00F40006 /* Main.storyboard in Resources */,
			);
			runOnlyForDeploymentPostprocessing = 0;
		};
/* End PBXResourcesBuildPhase section */

/* Begin PBXSourcesBuildPhase section */
		703977DF25C4700C00F40006 /* Sources */ = {
			isa = PBXSourcesBuildPhase;
			buildActionMask = 2147483647;
			files = (
				703977EB25C4700C00F40006 /* SettingViewController.swift in Sources */,
				703977E725C4700C00F40006 /* AppDelegate.swift in Sources */,
				703977E925C4700C00F40006 /* SceneDelegate.swift in Sources */,
				705F3D8025D6AF1700376DD3 /* MainViewController.swift in Sources */,
			);
			runOnlyForDeploymentPostprocessing = 0;
		};
/* End PBXSourcesBuildPhase section */

/* Begin PBXVariantGroup section */
		703977EC25C4700C00F40006 /* Main.storyboard */ = {
			isa = PBXVariantGroup;
			children = (
				703977ED25C4700C00F40006 /* Base */,
			);
			name = Main.storyboard;
			sourceTree = "<group>";
		};
		703977F125C4700F00F40006 /* LaunchScreen.storyboard */ = {
			isa = PBXVariantGroup;
			children = (
				703977F225C4700F00F40006 /* Base */,
			);
			name = LaunchScreen.storyboard;
			sourceTree = "<group>";
		};
/* End PBXVariantGroup section */

/* Begin XCBuildConfiguration section */
		703977F525C4700F00F40006 /* Debug */ = {
			isa = XCBuildConfiguration;
			buildSettings = {
				ALWAYS_SEARCH_USER_PATHS = NO;
				CLANG_ANALYZER_NONNULL = YES;
				CLANG_ANALYZER_NUMBER_OBJECT_CONVERSION = YES_AGGRESSIVE;
				CLANG_CXX_LANGUAGE_STANDARD = "gnu++14";
				CLANG_CXX_LIBRARY = "libc++";
				CLANG_ENABLE_MODULES = YES;
				CLANG_ENABLE_OBJC_ARC = YES;
				CLANG_ENABLE_OBJC_WEAK = YES;
				CLANG_WARN_BLOCK_CAPTURE_AUTORELEASING = YES;
				CLANG_WARN_BOOL_CONVERSION = YES;
				CLANG_WARN_COMMA = YES;
				CLANG_WARN_CONSTANT_CONVERSION = YES;
				CLANG_WARN_DEPRECATED_OBJC_IMPLEMENTATIONS = YES;
				CLANG_WARN_DIRECT_OBJC_ISA_USAGE = YES_ERROR;
				CLANG_WARN_DOCUMENTATION_COMMENTS = YES;
				CLANG_WARN_EMPTY_BODY = YES;
				CLANG_WARN_ENUM_CONVERSION = YES;
				CLANG_WARN_INFINITE_RECURSION = YES;
				CLANG_WARN_INT_CONVERSION = YES;
				CLANG_WARN_NON_LITERAL_NULL_CONVERSION = YES;
				CLANG_WARN_OBJC_IMPLICIT_RETAIN_SELF = YES;
				CLANG_WARN_OBJC_LITERAL_CONVERSION = YES;
				CLANG_WARN_OBJC_ROOT_CLASS = YES_ERROR;
				CLANG_WARN_QUOTED_INCLUDE_IN_FRAMEWORK_HEADER = YES;
				CLANG_WARN_RANGE_LOOP_ANALYSIS = YES;
				CLANG_WARN_STRICT_PROTOTYPES = YES;
				CLANG_WARN_SUSPICIOUS_MOVE = YES;
				CLANG_WARN_UNGUARDED_AVAILABILITY = YES_AGGRESSIVE;
				CLANG_WARN_UNREACHABLE_CODE = YES;
				CLANG_WARN__DUPLICATE_METHOD_MATCH = YES;
				COPY_PHASE_STRIP = NO;
				DEBUG_INFORMATION_FORMAT = dwarf;
				ENABLE_STRICT_OBJC_MSGSEND = YES;
				ENABLE_TESTABILITY = YES;
				GCC_C_LANGUAGE_STANDARD = gnu11;
				GCC_DYNAMIC_NO_PIC = NO;
				GCC_NO_COMMON_BLOCKS = YES;
				GCC_OPTIMIZATION_LEVEL = 0;
				GCC_PREPROCESSOR_DEFINITIONS = (
					"DEBUG=1",
					"$(inherited)",
				);
				GCC_WARN_64_TO_32_BIT_CONVERSION = YES;
				GCC_WARN_ABOUT_RETURN_TYPE = YES_ERROR;
				GCC_WARN_UNDECLARED_SELECTOR = YES;
				GCC_WARN_UNINITIALIZED_AUTOS = YES_AGGRESSIVE;
				GCC_WARN_UNUSED_FUNCTION = YES;
				GCC_WARN_UNUSED_VARIABLE = YES;
				IPHONEOS_DEPLOYMENT_TARGET = 14.2;
				MTL_ENABLE_DEBUG_INFO = INCLUDE_SOURCE;
				MTL_FAST_MATH = YES;
				ONLY_ACTIVE_ARCH = YES;
				SDKROOT = iphoneos;
				SWIFT_ACTIVE_COMPILATION_CONDITIONS = DEBUG;
				SWIFT_OPTIMIZATION_LEVEL = "-Onone";
			};
			name = Debug;
		};
		703977F625C4700F00F40006 /* Release */ = {
			isa = XCBuildConfiguration;
			buildSettings = {
				ALWAYS_SEARCH_USER_PATHS = NO;
				CLANG_ANALYZER_NONNULL = YES;
				CLANG_ANALYZER_NUMBER_OBJECT_CONVERSION = YES_AGGRESSIVE;
				CLANG_CXX_LANGUAGE_STANDARD = "gnu++14";
				CLANG_CXX_LIBRARY = "libc++";
				CLANG_ENABLE_MODULES = YES;
				CLANG_ENABLE_OBJC_ARC = YES;
				CLANG_ENABLE_OBJC_WEAK = YES;
				CLANG_WARN_BLOCK_CAPTURE_AUTORELEASING = YES;
				CLANG_WARN_BOOL_CONVERSION = YES;
				CLANG_WARN_COMMA = YES;
				CLANG_WARN_CONSTANT_CONVERSION = YES;
				CLANG_WARN_DEPRECATED_OBJC_IMPLEMENTATIONS = YES;
				CLANG_WARN_DIRECT_OBJC_ISA_USAGE = YES_ERROR;
				CLANG_WARN_DOCUMENTATION_COMMENTS = YES;
				CLANG_WARN_EMPTY_BODY = YES;
				CLANG_WARN_ENUM_CONVERSION = YES;
				CLANG_WARN_INFINITE_RECURSION = YES;
				CLANG_WARN_INT_CONVERSION = YES;
				CLANG_WARN_NON_LITERAL_NULL_CONVERSION = YES;
				CLANG_WARN_OBJC_IMPLICIT_RETAIN_SELF = YES;
				CLANG_WARN_OBJC_LITERAL_CONVERSION = YES;
				CLANG_WARN_OBJC_ROOT_CLASS = YES_ERROR;
				CLANG_WARN_QUOTED_INCLUDE_IN_FRAMEWORK_HEADER = YES;
				CLANG_WARN_RANGE_LOOP_ANALYSIS = YES;
				CLANG_WARN_STRICT_PROTOTYPES = YES;
				CLANG_WARN_SUSPICIOUS_MOVE = YES;
				CLANG_WARN_UNGUARDED_AVAILABILITY = YES_AGGRESSIVE;
				CLANG_WARN_UNREACHABLE_CODE = YES;
				CLANG_WARN__DUPLICATE_METHOD_MATCH = YES;
				COPY_PHASE_STRIP = NO;
				DEBUG_INFORMATION_FORMAT = "dwarf-with-dsym";
				ENABLE_NS_ASSERTIONS = NO;
				ENABLE_STRICT_OBJC_MSGSEND = YES;
				GCC_C_LANGUAGE_STANDARD = gnu11;
				GCC_NO_COMMON_BLOCKS = YES;
				GCC_WARN_64_TO_32_BIT_CONVERSION = YES;
				GCC_WARN_ABOUT_RETURN_TYPE = YES_ERROR;
				GCC_WARN_UNDECLARED_SELECTOR = YES;
				GCC_WARN_UNINITIALIZED_AUTOS = YES_AGGRESSIVE;
				GCC_WARN_UNUSED_FUNCTION = YES;
				GCC_WARN_UNUSED_VARIABLE = YES;
				IPHONEOS_DEPLOYMENT_TARGET = 14.2;
				MTL_ENABLE_DEBUG_INFO = NO;
				MTL_FAST_MATH = YES;
				SDKROOT = iphoneos;
				SWIFT_COMPILATION_MODE = wholemodule;
				SWIFT_OPTIMIZATION_LEVEL = "-O";
				VALIDATE_PRODUCT = YES;
			};
			name = Release;
		};
		703977F825C4700F00F40006 /* Debug */ = {
			isa = XCBuildConfiguration;
			buildSettings = {
				ASSETCATALOG_COMPILER_APPICON_NAME = AppIcon;
				ASSETCATALOG_COMPILER_GLOBAL_ACCENT_COLOR_NAME = AccentColor;
				CODE_SIGN_STYLE = Automatic;
				DEVELOPMENT_TEAM = 643WRK3BPZ;
				INFOPLIST_FILE = "Color Mixer/Info.plist";
				LD_RUNPATH_SEARCH_PATHS = (
					"$(inherited)",
					"@executable_path/Frameworks",
				);
				PRODUCT_BUNDLE_IDENTIFIER = "Maria-Mamina.Color-Mixer";
				PRODUCT_NAME = "$(TARGET_NAME)";
				SWIFT_VERSION = 5.0;
				TARGETED_DEVICE_FAMILY = "1,2";
			};
			name = Debug;
		};
		703977F925C4700F00F40006 /* Release */ = {
			isa = XCBuildConfiguration;
			buildSettings = {
				ASSETCATALOG_COMPILER_APPICON_NAME = AppIcon;
				ASSETCATALOG_COMPILER_GLOBAL_ACCENT_COLOR_NAME = AccentColor;
				CODE_SIGN_STYLE = Automatic;
				DEVELOPMENT_TEAM = 643WRK3BPZ;
				INFOPLIST_FILE = "Color Mixer/Info.plist";
				LD_RUNPATH_SEARCH_PATHS = (
					"$(inherited)",
					"@executable_path/Frameworks",
				);
				PRODUCT_BUNDLE_IDENTIFIER = "Maria-Mamina.Color-Mixer";
				PRODUCT_NAME = "$(TARGET_NAME)";
				SWIFT_VERSION = 5.0;
				TARGETED_DEVICE_FAMILY = "1,2";
			};
			name = Release;
		};
/* End XCBuildConfiguration section */

/* Begin XCConfigurationList section */
		703977DE25C4700C00F40006 /* Build configuration list for PBXProject "Color Mixer" */ = {
			isa = XCConfigurationList;
			buildConfigurations = (
				703977F525C4700F00F40006 /* Debug */,
				703977F625C4700F00F40006 /* Release */,
			);
			defaultConfigurationIsVisible = 0;
			defaultConfigurationName = Release;
		};
		703977F725C4700F00F40006 /* Build configuration list for PBXNativeTarget "Color Mixer" */ = {
			isa = XCConfigurationList;
			buildConfigurations = (
				703977F825C4700F00F40006 /* Debug */,
				703977F925C4700F00F40006 /* Release */,
			);
			defaultConfigurationIsVisible = 0;
			defaultConfigurationName = Release;
		};
/* End XCConfigurationList section */
	};
	rootObject = 703977DB25C4700C00F40006 /* Project object */;
}
